
Microsoft Visual Studio Solution File, Format Version 12.00
# Visual Studio Version 16
VisualStudioVersion = 16.0.31129.286
MinimumVisualStudioVersion = 10.0.40219.1
Project("{FAE04EC0-301F-11D3-BF4B-00C04F79EFBC}") = "RecipeBoxAuth", "RecipeBoxAuth\RecipeBoxAuth.csproj", "{067AF8A2-9D22-4D67-84E9-517A06126FC4}"
EndProject
Global
	GlobalSection(SolutionConfigurationPlatforms) = preSolution
		Debug|Any CPU = Debug|Any CPU
		Release|Any CPU = Release|Any CPU
	EndGlobalSection
	GlobalSection(ProjectConfigurationPlatforms) = postSolution
		{067AF8A2-9D22-4D67-84E9-517A06126FC4}.Debug|Any CPU.ActiveCfg = Debug|Any CPU
		{067AF8A2-9D22-4D67-84E9-517A06126FC4}.Debug|Any CPU.Build.0 = Debug|Any CPU
		{067AF8A2-9D22-4D67-84E9-517A06126FC4}.Release|Any CPU.ActiveCfg = Release|Any CPU
		{067AF8A2-9D22-4D67-84E9-517A06126FC4}.Release|Any CPU.Build.0 = Release|Any CPU
	EndGlobalSection
	GlobalSection(SolutionProperties) = preSolution
		HideSolutionNode = FALSE
	EndGlobalSection
	GlobalSection(ExtensibilityGlobals) = postSolution
		SolutionGuid = {E6B58F21-7716-4E7E-9197-BACBBD80219A}
	EndGlobalSection
EndGlobal
